{
  "name": "material-dashboard",
  "version": "2.1.1",
  "lockfileVersion": 1,
  "requires": true,
  "dependencies": {
    "chartist-plugin-tooltips": {
      "version": "0.0.17",
      "resolved": "https://registry.npmjs.org/chartist-plugin-tooltips/-/chartist-plugin-tooltips-0.0.17.tgz",
      "integrity": "sha1-/BqY6103cSNbbgjNHBjMlsIRBmA="
    }
  }
}
